version = 1
revision = 3
requires-python = ">=3.13"

[[package]]
name = "microepsilon"
version = "5.2.1.380"
source = { path = "dependencies/microepsilon-5.2.1.380-py3-none-any.whl" }
wheels = [
    { filename = "microepsilon-5.2.1.380-py3-none-any.whl", hash = "sha256:45f4ee0bf5a5189491738b04d1f3a28e49dbfee5d2800a83358d63458f260910" },
]

[[package]]
name = "mspi"
version = "0.1.0"
source = { virtual = "." }
dependencies = [
    { name = "microepsilon" },
    { name = "oceandirect" },
    { name = "thormotion" },
    { name = "zaber-motion" },
]

[package.metadata]
requires-dist = [
    { name = "microepsilon", path = "dependencies/microepsilon-5.2.1.380-py3-none-any.whl" },
    { name = "oceandirect", path = "dependencies/oceandirect-1.33.0-py3-none-any.whl" },
    { name = "thormotion" },
    { name = "zaber-motion", specifier = ">=7.14.0" },
]

[[package]]
name = "oceandirect"
version = "1.33.0"
source = { path = "dependencies/oceandirect-1.33.0-py3-none-any.whl" }
wheels = [
    { filename = "oceandirect-1.33.0-py3-none-any.whl", hash = "sha256:f196795335553c8b4dc102ee889fd43318546074491c0773aac3e1eb288055d9" },
]

[[package]]
name = "reactivex"
version = "4.0.4"
source = { registry = "https://pypi.org/simple" }
dependencies = [
    { name = "typing-extensions" },
]
sdist = { url = "https://files.pythonhosted.org/packages/ef/63/f776322df4d7b456446eff78c4e64f14c3c26d57d46b4e06c18807d5d99c/reactivex-4.0.4.tar.gz", hash = "sha256:e912e6591022ab9176df8348a653fe8c8fa7a301f26f9931c9d8c78a650e04e8", size = 119177, upload-time = "2022-07-16T07:11:53.689Z" }
wheels = [
    { url = "https://files.pythonhosted.org/packages/69/3f/2ed8c1b8fe3fc2ed816ba40554ef703aad8c51700e2606c139fcf9b7f791/reactivex-4.0.4-py3-none-any.whl", hash = "sha256:0004796c420bd9e68aad8e65627d85a8e13f293de76656165dffbcb3a0e3fb6a", size = 217791, upload-time = "2022-07-16T07:11:52.061Z" },
]

[[package]]
name = "thormotion"
version = "0.4.0"
source = { registry = "https://pypi.org/simple" }
sdist = { url = "https://files.pythonhosted.org/packages/3c/f3/fb2aa4e57ed08a78976c942f9d43031151b019f6ff7db6a06e178eabe4b5/thormotion-0.4.0.tar.gz", hash = "sha256:34f4bbc0cd7990461ed6513cc1a8a847db0f22a155d384dd37c86a9d06f92873", size = 27561, upload-time = "2025-09-05T15:14:43.274Z" }
wheels = [
    { url = "https://files.pythonhosted.org/packages/22/72/3c8cf0e146631ba43fe011e910a3d7bbad5f1c0f41e319a83488069a7f9c/thormotion-0.4.0-cp313-cp313-macosx_10_12_x86_64.whl", hash = "sha256:5f880f7b2e8f6fddfcada03ca611c467b9ff358d4e7d874de2894b004d0612d7", size = 646732, upload-time = "2025-09-05T15:13:14.354Z" },
    { url = "https://files.pythonhosted.org/packages/3e/1b/3d086e2a582ce67cb9aac224d0a511da7ba4e8c6fdfba4da86814cd5ad22/thormotion-0.4.0-cp313-cp313-macosx_11_0_arm64.whl", hash = "sha256:0489016ef828a34cf1a1ccd9625923569f580587ab844dfe6ae5106e2173d0f8", size = 625460, upload-time = "2025-09-05T15:13:11.145Z" },
    { url = "https://files.pythonhosted.org/packages/d8/82/916bab0aa0a1d743823e604f4b9a2bddbefee702c24adee4c6ec989a8645/thormotion-0.4.0-cp313-cp313-manylinux_2_17_aarch64.manylinux2014_aarch64.whl", hash = "sha256:4c7bd585b1ee524459c9e43fcc15554fc6d7f1513e3c20626d4346e2bcd69699", size = 524974, upload-time = "2025-09-05T15:13:20.678Z" },
    { url = "https://files.pythonhosted.org/packages/d5/c6/ad9cb7d9f4e70a76812ef4c146d6e11b9914aad84a294e2bf6ec329b21f1/thormotion-0.4.0-cp313-cp313-manylinux_2_17_armv7l.manylinux2014_armv7l.whl", hash = "sha256:109400fe873a20b5d732e1f20a788611deb420dffcc3e77cff7c12f8be2f5994", size = 513517, upload-time = "2025-09-05T15:13:31.702Z" },
    { url = "https://files.pythonhosted.org/packages/f5/6b/d35d44e3aee4b9e416d9c8ee36601087880d89558b7bff3ae97f4931f06f/thormotion-0.4.0-cp313-cp313-manylinux_2_17_i686.manylinux2014_i686.whl", hash = "sha256:bbbf133d2aa809d8f9e5bef6c8533bbfaff739fbcef6d441938207507962ecd3", size = 604025, upload-time = "2025-09-05T15:13:44.775Z" },
    { url = "https://files.pythonhosted.org/packages/a4/33/1dbbde200de2d941d7c352df26793c8b633a11185c8a8b3c69b4711a6a37/thormotion-0.4.0-cp313-cp313-manylinux_2_17_x86_64.manylinux2014_x86_64.whl", hash = "sha256:b459c3a451959f475a7781448aa7fad7b66f18a5364a4ab7284380d14e9e81ea", size = 547261, upload-time = "2025-09-05T15:13:56.255Z" },
    { url = "https://files.pythonhosted.org/packages/6b/d9/8b610dc5917d0c221e948fa1cc9cabf0e880156da22e24f30ac573a54829/thormotion-0.4.0-cp313-cp313-musllinux_1_2_aarch64.whl", hash = "sha256:0aabaaf7aa50a8995979241e1c64cf3b8b2f6cfff498683e155c6f017cc19ccf", size = 517057, upload-time = "2025-09-05T15:14:00.714Z" },
    { url = "https://files.pythonhosted.org/packages/5c/1c/270d88e353a1b00c25db42c3584cd34f20d3ea6032ca62e171a1776995fa/thormotion-0.4.0-cp313-cp313-musllinux_1_2_armv7l.whl", hash = "sha256:bb950aab44c9ec7bb578bb129d954bf3c23d3a989dd7c92d05caafbca34e4e6b", size = 512138, upload-time = "2025-09-05T15:14:12.554Z" },
    { url = "https://files.pythonhosted.org/packages/f9/22/292c433056201bdceee91f9073d78e838b61ebe125e136c96a2d3edfd335/thormotion-0.4.0-cp313-cp313-musllinux_1_2_i686.whl", hash = "sha256:722ea1ab13ee29042ed28f293496d1983b9dcc672d7e88427de356d4aee990f7", size = 580967, upload-time = "2025-09-05T15:14:23.878Z" },
    { url = "https://files.pythonhosted.org/packages/3f/69/a7d758d9974da4db05c78611e87bcd4da65b8b1acc5bf7cdc20de2969366/thormotion-0.4.0-cp313-cp313-musllinux_1_2_x86_64.whl", hash = "sha256:396e0fe1b9d9b8cbd090c0dab206e6f19d1b52262809a26da4a6f768509a4c63", size = 544031, upload-time = "2025-09-05T15:14:35.36Z" },
    { url = "https://files.pythonhosted.org/packages/1e/eb/e179dd5394fee4fc4c9646619043b1723c7d16e00aa6dcf07f6f71b16244/thormotion-0.4.0-cp313-cp313-win32.whl", hash = "sha256:39f7831402f2c9de2237da3408fee915506a924764b0d1c88296d945f30306e2", size = 424381, upload-time = "2025-09-05T15:14:54.271Z" },
    { url = "https://files.pythonhosted.org/packages/01/e8/357d31723e44e4851b1a263ded8f81064fa6746312c8903786354e78e702/thormotion-0.4.0-cp313-cp313-win_amd64.whl", hash = "sha256:b2fbb117a5f2cd027aee46ec722224d8e548b81de5ea47782cc24df6416345c7", size = 459401, upload-time = "2025-09-05T15:14:47.45Z" },
    { url = "https://files.pythonhosted.org/packages/6f/be/c40260fad61b4df8258307efd00208806ba74faea0fe5ab8e918073a06dd/thormotion-0.4.0-cp313-cp313t-manylinux_2_17_aarch64.manylinux2014_aarch64.whl", hash = "sha256:c2bf0d9a6f1eacfc60628173c9e75e32c8a896f658957db7f19b8b94a71a14ee", size = 523757, upload-time = "2025-09-05T15:13:21.853Z" },
    { url = "https://files.pythonhosted.org/packages/40/d3/0e405a20a8ed239f482512e49dde038302c6357335727389f6834639f7fe/thormotion-0.4.0-cp313-cp313t-manylinux_2_17_armv7l.manylinux2014_armv7l.whl", hash = "sha256:ba295c64fe5409fda33e14019cc0506a50b8fe821f70b5432bfad19276597af8", size = 512665, upload-time = "2025-09-05T15:13:32.908Z" },
    { url = "https://files.pythonhosted.org/packages/2c/a7/583c43ea644ed193ab5ff08c4bece8f459800bacd5bdc5dcbbbc047dae30/thormotion-0.4.0-cp313-cp313t-manylinux_2_17_i686.manylinux2014_i686.whl", hash = "sha256:016c4a4fd11e171040ab3e9c53566e6512236fe98a4b20f7e7900c0c3e1835d8", size = 603096, upload-time = "2025-09-05T15:13:46.297Z" },
    { url = "https://files.pythonhosted.org/packages/bc/c0/f0cfdd5504c79c483007e466642c81986c72b51395ff34d893b5e95da244/thormotion-0.4.0-cp313-cp313t-musllinux_1_2_aarch64.whl", hash = "sha256:8a277625c8c2821907aedd7d04f6d668ae8688b2b40ddd3de106018a6890c897", size = 515936, upload-time = "2025-09-05T15:14:01.882Z" },
    { url = "https://files.pythonhosted.org/packages/cf/98/2ef714804761533d59ae8799dc1f8c251b6738b7c4340c3649d13e5464f3/thormotion-0.4.0-cp313-cp313t-musllinux_1_2_armv7l.whl", hash = "sha256:f1087a7bc17bfb00c042c0c7cc3b75d67bca09684bf1680a99a3b5920f0713c6", size = 511196, upload-time = "2025-09-05T15:14:13.911Z" },
    { url = "https://files.pythonhosted.org/packages/66/18/de6965cd11af6d7fbc4128f6fd745ce9ab17e475ec1604b2d4e541b5e171/thormotion-0.4.0-cp313-cp313t-musllinux_1_2_i686.whl", hash = "sha256:434b24faa1c607c96c9e72f7ed10efe5d00a6fcabaa8791be3b3be3805424f3c", size = 580098, upload-time = "2025-09-05T15:14:25.003Z" },
    { url = "https://files.pythonhosted.org/packages/2b/b1/8117e60b688ac5f37517c7e4c68bc358e29bfc49c1ce77312bc646604885/thormotion-0.4.0-cp313-cp313t-musllinux_1_2_x86_64.whl", hash = "sha256:b3ce0ed21259e90a4700fa9ff1d12df3a497dd65e8fa9fe83ba06e8697f3eb8e", size = 543921, upload-time = "2025-09-05T15:14:36.438Z" },
]

[[package]]
name = "typing-extensions"
version = "4.15.0"
source = { registry = "https://pypi.org/simple" }
sdist = { url = "https://files.pythonhosted.org/packages/72/94/1a15dd82efb362ac84269196e94cf00f187f7ed21c242792a923cdb1c61f/typing_extensions-4.15.0.tar.gz", hash = "sha256:0cea48d173cc12fa28ecabc3b837ea3cf6f38c6d1136f85cbaaf598984861466", size = 109391, upload-time = "2025-08-25T13:49:26.313Z" }
wheels = [
    { url = "https://files.pythonhosted.org/packages/18/67/36e9267722cc04a6b9f15c7f3441c2363321a3ea07da7ae0c0707beb2a9c/typing_extensions-4.15.0-py3-none-any.whl", hash = "sha256:f0fa19c6845758ab08074a0cfa8b7aecb71c999ca73d62883bc25cc018c4e548", size = 44614, upload-time = "2025-08-25T13:49:24.86Z" },
]

[[package]]
name = "zaber-motion"
version = "7.14.0"
source = { registry = "https://pypi.org/simple" }
dependencies = [
    { name = "reactivex" },
]
sdist = { url = "https://files.pythonhosted.org/packages/f6/62/ba59a5b04f4cdee92856b28b5fc2332e1a11374031ac9b25b5826c2530c2/zaber_motion-7.14.0.tar.gz", hash = "sha256:7d5e6db39e31a6021ef36c83e7f6083e1099141847efd4e0a34d51bce9ebc91d", size = 266306, upload-time = "2025-10-27T21:21:59.125Z" }
wheels = [
    { url = "https://files.pythonhosted.org/packages/6f/d9/d388b7cfbc366f13b363a4d19523b06ddc54eacc3f5288d2ac5d485e825d/zaber_motion-7.14.0-py3-none-macosx_10_4_universal2.whl", hash = "sha256:bacc8a0ab9154d6d6f7b6b8badd34d51026f58f3a1bcd441235d50acb1cd4079", size = 12218215, upload-time = "2025-10-27T21:21:45.44Z" },
    { url = "https://files.pythonhosted.org/packages/bf/cd/e2c0530743abf53bf7849e7342d0a7ab8e0a2df0c938ee700de8600bc7a3/zaber_motion-7.14.0-py3-none-manylinux_2_27_aarch64.whl", hash = "sha256:63618ad970b2abca258580a3da70fa23e6b96d9d64b9ec21a95218ac6802c0a0", size = 6236568, upload-time = "2025-10-27T21:21:48.453Z" },
    { url = "https://files.pythonhosted.org/packages/ac/34/778f6a5d3d82fad27d28f163312ebfbdea6413eefc6341688bcff3be753a/zaber_motion-7.14.0-py3-none-manylinux_2_27_armv7l.whl", hash = "sha256:814b0e091be8ee273c3b4ab19772d34660b3897062a1e546f627ab3efd2dc616", size = 6323521, upload-time = "2025-10-27T21:21:50.311Z" },
    { url = "https://files.pythonhosted.org/packages/34/95/bf25670de54490549306d0628ecd805cae5e1d68826be7bd08e45a7c5f2c/zaber_motion-7.14.0-py3-none-manylinux_2_27_x86_64.whl", hash = "sha256:1b781381190b9b43fe46b87b46e4b36677748f5f5283759e502778de87953f56", size = 6791037, upload-time = "2025-10-27T21:21:52.097Z" },
    { url = "https://files.pythonhosted.org/packages/67/ff/624b7468bb1fa42dda41856c903918233f44c50038e8fbcd92acac891d5e/zaber_motion-7.14.0-py3-none-win32.whl", hash = "sha256:e5f7b266466f595a3b7bc393405a17817c474dd9b30f61f2fdf8690cd73b3de4", size = 6478484, upload-time = "2025-10-27T21:21:53.794Z" },
    { url = "https://files.pythonhosted.org/packages/3a/cf/91a5d2defa17baae4395415f5758fa2612bb8b2c96be97e05f70ad8c2ffd/zaber_motion-7.14.0-py3-none-win_amd64.whl", hash = "sha256:e0ac42d51fbae94d2ff78d847069a76edf6d3e21f4d156eb66d7ba71649122dd", size = 6715613, upload-time = "2025-10-27T21:21:55.796Z" },
    { url = "https://files.pythonhosted.org/packages/61/a3/5e14c019344f7f21dfc965a831944def560ee714b8e23b3fdaf3b1c500c2/zaber_motion-7.14.0-py3-none-win_arm64.whl", hash = "sha256:db908684bed3de9df2bdc4c348aa9b13fb47b6dc91285b50983a06161a46518b", size = 6099852, upload-time = "2025-10-27T21:21:57.828Z" },
]
