version = 1
revision = 3
requires-python = ">=3.13"

[[package]]
name = "microepsilon"
version = "5.2.1.380"
source = { path = "dependencies/microepsilon-5.2.1.380-py3-none-any.whl" }
wheels = [
    { filename = "microepsilon-5.2.1.380-py3-none-any.whl", hash = "sha256:45f4ee0bf5a5189491738b04d1f3a28e49dbfee5d2800a83358d63458f260910" },
]

[[package]]
name = "mspi"
version = "0.1.0"
source = { virtual = "." }
dependencies = [
    { name = "microepsilon" },
    { name = "oceandirect" },
    { name = "thormotion" },
    { name = "zaber-motion" },
]

[package.metadata]
requires-dist = [
    { name = "microepsilon", path = "dependencies/microepsilon-5.2.1.380-py3-none-any.whl" },
    { name = "oceandirect", path = "dependencies/oceandirect-1.33.0-py3-none-any.whl" },
    { name = "thormotion" },
    { name = "zaber-motion", specifier = "==8.0.2" },
]

[[package]]
name = "oceandirect"
version = "1.33.0"
source = { path = "dependencies/oceandirect-1.33.0-py3-none-any.whl" }
wheels = [
    { filename = "oceandirect-1.33.0-py3-none-any.whl", hash = "sha256:f196795335553c8b4dc102ee889fd43318546074491c0773aac3e1eb288055d9" },
]

[[package]]
name = "reactivex"
version = "4.0.4"
source = { registry = "https://pypi.org/simple" }
dependencies = [
    { name = "typing-extensions" },
]
sdist = { url = "https://files.pythonhosted.org/packages/ef/63/f776322df4d7b456446eff78c4e64f14c3c26d57d46b4e06c18807d5d99c/reactivex-4.0.4.tar.gz", hash = "sha256:e912e6591022ab9176df8348a653fe8c8fa7a301f26f9931c9d8c78a650e04e8", size = 119177, upload-time = "2022-07-16T07:11:53.689Z" }
wheels = [
    { url = "https://files.pythonhosted.org/packages/69/3f/2ed8c1b8fe3fc2ed816ba40554ef703aad8c51700e2606c139fcf9b7f791/reactivex-4.0.4-py3-none-any.whl", hash = "sha256:0004796c420bd9e68aad8e65627d85a8e13f293de76656165dffbcb3a0e3fb6a", size = 217791, upload-time = "2022-07-16T07:11:52.061Z" },
]

[[package]]
name = "thormotion"
version = "0.4.2"
source = { registry = "https://pypi.org/simple" }
sdist = { url = "https://files.pythonhosted.org/packages/45/ce/24f17925b2d3e9315924abc3b3ccbf5383732557a6996db88be9d483a1d1/thormotion-0.4.2.tar.gz", hash = "sha256:fe26a72f6280504e12bca9d0d276fec5c38343671c533c230d20a7c8629c78fa", size = 36333, upload-time = "2025-11-05T17:46:44.144Z" }
wheels = [
    { url = "https://files.pythonhosted.org/packages/04/b3/3934910817f26ad92b48765a5134c32ff84446a864b415530c3ac278e031/thormotion-0.4.2-cp313-cp313-macosx_10_12_x86_64.whl", hash = "sha256:88be760216aaad1eef1dae061b6d89e7ec6b4500ef09248f151e7fa2cf544a75", size = 4360, upload-time = "2025-11-05T17:45:29.461Z" },
    { url = "https://files.pythonhosted.org/packages/81/b7/114a180ba5f74fc62a425e32a8e96071b8874294994ff3b7035d31236c91/thormotion-0.4.2-cp313-cp313-macosx_11_0_arm64.whl", hash = "sha256:32aa2c14aab5ef586b42486253fa06556bd51abd66b20567f7033700de901147", size = 4590, upload-time = "2025-11-05T17:45:25.56Z" },
    { url = "https://files.pythonhosted.org/packages/4b/1b/b653de94369bb930db5f34f918a220bb4b0bd356867e5f8969dc1c098f17/thormotion-0.4.2-cp313-cp313-manylinux_2_17_aarch64.manylinux2014_aarch64.whl", hash = "sha256:5876f7bb60721835dae185f72a1adc2f1851879f9818a3ea0baf6b1ce75f8b00", size = 165823, upload-time = "2025-11-05T17:45:34.847Z" },
    { url = "https://files.pythonhosted.org/packages/19/2b/ec35538d755b21fd062aa734279bc2738c4bd24083083e558fca3f228c36/thormotion-0.4.2-cp313-cp313-manylinux_2_17_armv7l.manylinux2014_armv7l.whl", hash = "sha256:7e7afa41f6a3b5e5f07517f1eb98217b6d5d74e7919a5afd17a4585ef8f632e0", size = 10989, upload-time = "2025-11-05T17:45:44.489Z" },
    { url = "https://files.pythonhosted.org/packages/6d/5a/996e55dcdb029c2783b7c46eac0e7050c8d8c990514c436676b1127703d6/thormotion-0.4.2-cp313-cp313-manylinux_2_17_i686.manylinux2014_i686.whl", hash = "sha256:9ff207b1e19f7c6404208ba0de2db9801fbd8750366bbf0f3a0cb14f1b0dea36", size = 190304, upload-time = "2025-11-05T17:45:53.604Z" },
    { url = "https://files.pythonhosted.org/packages/ac/5b/89e37c9a62a376d3e40c5834fdb31515c161e29fb02a2b15e0201cdf9689/thormotion-0.4.2-cp313-cp313-musllinux_1_2_aarch64.whl", hash = "sha256:b3c674ec76d0bcfc78b3842776b0a14fa16a5e7f1a528046a3ab74edf8477a3d", size = 164886, upload-time = "2025-11-05T17:46:07.904Z" },
    { url = "https://files.pythonhosted.org/packages/7f/a0/0b98896862ba42aa64ab6fb7b5fc7142f57eb8e4cce1ec66199eecf25ce6/thormotion-0.4.2-cp313-cp313-musllinux_1_2_armv7l.whl", hash = "sha256:50a4132ac3da8a08267087ae43527cefdcf95faa3b7a9138d04598b54c4974a1", size = 4554, upload-time = "2025-11-05T17:46:18.097Z" },
    { url = "https://files.pythonhosted.org/packages/05/13/ef735008fa60d6a20ebb9e85f4ddccf8b2532b0c59c93655b909a87cfe6d/thormotion-0.4.2-cp313-cp313-musllinux_1_2_i686.whl", hash = "sha256:8d257d16dd3128a3f7d2ef4e9baceb8d3a72de271f1ce11dd4bb8ec40fc58039", size = 187961, upload-time = "2025-11-05T17:46:26.986Z" },
    { url = "https://files.pythonhosted.org/packages/e9/e4/04d79549fef3ed858d5690520ba238538e757e8df5d66ab4681d453b1edf/thormotion-0.4.2-cp313-cp313-musllinux_1_2_x86_64.whl", hash = "sha256:0381a469864a454ee34707d3773d84dc0461ba8bca8f5a79b19d5a358b48b055", size = 172583, upload-time = "2025-11-05T17:46:38.224Z" },
    { url = "https://files.pythonhosted.org/packages/36/91/534981214f167f7c364a283176e50fa5ea3d17eb7f85128f10169faa5653/thormotion-0.4.2-cp313-cp313-win_amd64.whl", hash = "sha256:f1ad4ce2457ed57af019065522710e3fffeb5fbfc14566fc6ac4fd7994fbbd13", size = 61404, upload-time = "2025-11-05T17:46:48.181Z" },
    { url = "https://files.pythonhosted.org/packages/cd/3f/5c260fdb2e0966801c4746f97021e5816e57fff8b9f0383dd3ddf4210562/thormotion-0.4.2-cp313-cp313t-manylinux_2_17_aarch64.manylinux2014_aarch64.whl", hash = "sha256:4792df4fb3d900cdea78c27182cc37fa03ffa97caf0ff25b8cf3e578fb205001", size = 165827, upload-time = "2025-11-05T17:45:36.023Z" },
    { url = "https://files.pythonhosted.org/packages/5c/20/0dc3c2b6881a11f5178f8325db811470eb924af736f0808782d778c86d93/thormotion-0.4.2-cp313-cp313t-manylinux_2_17_armv7l.manylinux2014_armv7l.whl", hash = "sha256:8a078df2270db3f899ba5ee197ba6dd4aa3eabd645f871369ff5313dce984443", size = 10992, upload-time = "2025-11-05T17:45:45.925Z" },
    { url = "https://files.pythonhosted.org/packages/66/05/bd86e5f277ea92536e3129feb46554ad6b2a8e3df4082fc010f7d0fda09e/thormotion-0.4.2-cp313-cp313t-manylinux_2_17_i686.manylinux2014_i686.whl", hash = "sha256:2dcb0761feb45ae19aa200250b73efdf626b388abb4df46ad9907d3f0c4b1be7", size = 190309, upload-time = "2025-11-05T17:45:54.914Z" },
    { url = "https://files.pythonhosted.org/packages/b8/83/a60b2fcf6153b48aca1372f2bebacde203e9d1b903840142b8e8e2d92cab/thormotion-0.4.2-cp313-cp313t-musllinux_1_2_aarch64.whl", hash = "sha256:6d9c220415115f5779496fc48b144335936b1375d3706a47098514474e81f6b3", size = 164890, upload-time = "2025-11-05T17:46:09.58Z" },
    { url = "https://files.pythonhosted.org/packages/b1/90/12532461be0cddfc47dca95c0816c480e79a35a35b409cc0be3964e127b9/thormotion-0.4.2-cp313-cp313t-musllinux_1_2_armv7l.whl", hash = "sha256:2d301262188a537385c79f31f27d6babd5123fb83f3ab5ccdc9cbe1c102adad3", size = 4558, upload-time = "2025-11-05T17:46:19.083Z" },
    { url = "https://files.pythonhosted.org/packages/1d/d5/b1c3f40de0dc46144fbc263edb463f2617720c00649aed464af6118f3f56/thormotion-0.4.2-cp313-cp313t-musllinux_1_2_i686.whl", hash = "sha256:d37a99a0795d3a37246d84bb2360cde0ec9f8700a7fc5967d578ce6ecd3c9d49", size = 187965, upload-time = "2025-11-05T17:46:28.236Z" },
    { url = "https://files.pythonhosted.org/packages/86/9c/14511bba5c1bb334df73c9c067be771c4411844fdeb954a0569e0405430e/thormotion-0.4.2-cp313-cp313t-musllinux_1_2_x86_64.whl", hash = "sha256:5e5122631364e61c27d6cee93875c6b5e2d477bea578e9b4e4ffa2f921c0df55", size = 172587, upload-time = "2025-11-05T17:46:39.398Z" },
    { url = "https://files.pythonhosted.org/packages/2c/87/cdbda2ae7275968d3cca9a4e1cc63895059d32f38c40bae3664c9a1514ea/thormotion-0.4.2-cp314-cp314-macosx_10_12_x86_64.whl", hash = "sha256:c3414e6539bb5acd090ce7512695bd92ba77cfd009ea65156d1f3d9440fe9280", size = 4362, upload-time = "2025-11-05T17:45:30.233Z" },
    { url = "https://files.pythonhosted.org/packages/79/89/1411b88e3d78b7fe916a466cfd3f9ad0fc1b99fcacba8910177905f4d3a9/thormotion-0.4.2-cp314-cp314-macosx_11_0_arm64.whl", hash = "sha256:18bb4acd389bf2dd2f275b31603f688149563729ad6d6b64b7d873c5b01b7622", size = 4588, upload-time = "2025-11-05T17:45:26.649Z" },
    { url = "https://files.pythonhosted.org/packages/4f/7f/c3c55e8d4209b4d23790fb6cef5dc39bda900fee27c680d8af35588f6bad/thormotion-0.4.2-cp314-cp314-manylinux_2_17_x86_64.manylinux2014_x86_64.whl", hash = "sha256:d29f76a37fb1b2a72011b54d2473a4bae4da9cd36855b6898fe16594134e7e6b", size = 173810, upload-time = "2025-11-05T17:46:01.707Z" },
    { url = "https://files.pythonhosted.org/packages/2c/a9/fe8d86da01c8ff7203f31e3641e17979d5fae758dc10a8867fa91cef3bb7/thormotion-0.4.2-cp314-cp314-win32.whl", hash = "sha256:f1ceb001fe8296fca5b282d89455bbacdb917a62e19d2833021f13611c7c05ab", size = 58993, upload-time = "2025-11-05T17:46:51.59Z" },
    { url = "https://files.pythonhosted.org/packages/26/c3/1180207fa43cc3536c5ea76fd30a5673a419b2ae32e81bbb6700796174b2/thormotion-0.4.2-cp314-cp314-win_amd64.whl", hash = "sha256:df334983934ccb1cd2b05f4321be14b4d48feacf9315b88233789482960c21e9", size = 61404, upload-time = "2025-11-05T17:46:49.573Z" },
]

[[package]]
name = "typing-extensions"
version = "4.15.0"
source = { registry = "https://pypi.org/simple" }
sdist = { url = "https://files.pythonhosted.org/packages/72/94/1a15dd82efb362ac84269196e94cf00f187f7ed21c242792a923cdb1c61f/typing_extensions-4.15.0.tar.gz", hash = "sha256:0cea48d173cc12fa28ecabc3b837ea3cf6f38c6d1136f85cbaaf598984861466", size = 109391, upload-time = "2025-08-25T13:49:26.313Z" }
wheels = [
    { url = "https://files.pythonhosted.org/packages/18/67/36e9267722cc04a6b9f15c7f3441c2363321a3ea07da7ae0c0707beb2a9c/typing_extensions-4.15.0-py3-none-any.whl", hash = "sha256:f0fa19c6845758ab08074a0cfa8b7aecb71c999ca73d62883bc25cc018c4e548", size = 44614, upload-time = "2025-08-25T13:49:24.86Z" },
]

[[package]]
name = "zaber-motion"
version = "8.0.2"
source = { registry = "https://pypi.org/simple" }
dependencies = [
    { name = "reactivex" },
]
sdist = { url = "https://files.pythonhosted.org/packages/81/93/688c6db451eda3d9153b07e9d04a2038b5af9a2a6d5766630854a010b91d/zaber_motion-8.0.2.tar.gz", hash = "sha256:ef804f132b5cbdbf938f970752ae7c545dd4265ba80fbad20448df83c27809be", size = 267197, upload-time = "2025-12-18T16:27:35.993Z" }
wheels = [
    { url = "https://files.pythonhosted.org/packages/7e/aa/22dcd824c5a53badb3243be516f3a0358f22dd8ca750872ea637f58a6c41/zaber_motion-8.0.2-py3-none-macosx_10_4_universal2.whl", hash = "sha256:f790baa23cb349f56e76cde121890b1a9b66ec660e0175e602017dc03360ba6b", size = 12940057, upload-time = "2025-12-18T16:27:22.914Z" },
    { url = "https://files.pythonhosted.org/packages/e1/80/a02b125e91802e3cd2a79860d1ca6e4acc485e23faa6bc78135e0d1e6e9f/zaber_motion-8.0.2-py3-none-manylinux_2_27_aarch64.whl", hash = "sha256:d5fc891c4b2b067af5582cbe54dc580a6d7f839c7331a37e5c21ab718979b04a", size = 6528251, upload-time = "2025-12-18T16:27:25.703Z" },
    { url = "https://files.pythonhosted.org/packages/75/2c/56d1f5ff2b271ff2b98b3c7df69fe3c4ebdb81eccddd83e08eea24713e64/zaber_motion-8.0.2-py3-none-manylinux_2_27_armv7l.whl", hash = "sha256:52809dd8934154b199bfa7ce144491db0a5f007521b5488d1f8d0c5d3b896619", size = 6619445, upload-time = "2025-12-18T16:27:27.395Z" },
    { url = "https://files.pythonhosted.org/packages/f6/28/14ea85efc2c7a2bcc6aae5eb394174b579fdc234cff4ea4ff453a918a420/zaber_motion-8.0.2-py3-none-manylinux_2_27_x86_64.whl", hash = "sha256:ef73b8ed21fa3abedc10ee75d8ea88c3e9bcb78b44c5f181f3678dda76414e69", size = 7109829, upload-time = "2025-12-18T16:27:29.033Z" },
    { url = "https://files.pythonhosted.org/packages/bf/7d/c3b79802314d1413d5a52f8b981d54e520cb22a1d6bf2c5aa2c052277aa0/zaber_motion-8.0.2-py3-none-win32.whl", hash = "sha256:aaabf2b2fc92e49bc85c7f2635d98b0029c80e6cce4cd09e8b52d9b03fa03626", size = 6775944, upload-time = "2025-12-18T16:27:30.902Z" },
    { url = "https://files.pythonhosted.org/packages/04/05/a2eb379937376913c06ffdd0e089d80d091e7e7b6c410a449e5579e18a02/zaber_motion-8.0.2-py3-none-win_amd64.whl", hash = "sha256:545a96c9548a516c4be3bae858ffceac7def1a81a3a91d3de84d1d0a56287261", size = 7034638, upload-time = "2025-12-18T16:27:32.581Z" },
    { url = "https://files.pythonhosted.org/packages/56/7a/442a0c225ef1e6ba98285eb408df043b75553796cb311b9536793596e212/zaber_motion-8.0.2-py3-none-win_arm64.whl", hash = "sha256:08d10e60ed51f81ca025a949650f995f8db81a4f93c09d2077d2c38bd5a8eeb2", size = 6385356, upload-time = "2025-12-18T16:27:34.331Z" },
]
